
Microsoft Visual Studio Solution File, Format Version 12.00
# Visual Studio Version 17
VisualStudioVersion = 17.13.35825.156 d17.13
MinimumVisualStudioVersion = 10.0.40219.1
Project("{FAE04EC0-301F-11D3-BF4B-00C04F79EFBC}") = "LibraryApp", "LibraryApp.csproj", "{51A27537-24D4-4E94-8201-A44167199AD2}"
EndProject
Global
	GlobalSection(SolutionConfigurationPlatforms) = preSolution
		Debug|Any CPU = Debug|Any CPU
		Release|Any CPU = Release|Any CPU
	EndGlobalSection
	GlobalSection(ProjectConfigurationPlatforms) = postSolution
		{51A27537-24D4-4E94-8201-A44167199AD2}.Debug|Any CPU.ActiveCfg = Debug|Any CPU
		{51A27537-24D4-4E94-8201-A44167199AD2}.Debug|Any CPU.Build.0 = Debug|Any CPU
		{51A27537-24D4-4E94-8201-A44167199AD2}.Release|Any CPU.ActiveCfg = Release|Any CPU
		{51A27537-24D4-4E94-8201-A44167199AD2}.Release|Any CPU.Build.0 = Release|Any CPU
	EndGlobalSection
	GlobalSection(SolutionProperties) = preSolution
		HideSolutionNode = FALSE
	EndGlobalSection
	GlobalSection(ExtensibilityGlobals) = postSolution
		SolutionGuid = {B673A2DE-561E-40D6-AC5F-40446A09AE9C}
	EndGlobalSection
EndGlobal
